
Microsoft Visual Studio Solution File, Format Version 12.00
Project("{FAE04EC0-301F-11D3-BF4B-00C04F79EFBC}") = "Automation.Velopack", "Automation.Velopack\Automation.Velopack.csproj", "{3E653E83-C793-4812-823A-AD44BD75A96C}"
EndProject
Project("{FAE04EC0-301F-11D3-BF4B-00C04F79EFBC}") = "Automation.Velopack.UnitTests", "Automation.Velopack.UnitTests\Automation.Velopack.UnitTests.csproj", "{BE4DA38D-FC71-4DD0-BDD2-3D9B7EAEC648}"
EndProject
Project("{9A19103F-16F7-4668-BE54-9A1E7A4F7556}") = "_build", "build\_build.csproj", "{58C12C89-DCC0-4EC8-9143-36E8E22EC880}"
EndProject
Project("{2150E333-8FDC-42A3-9474-1A3956D46DE8}") = "Solution Items", "Solution Items", "{92742F88-CC56-432E-A538-C29928C2E1C3}"
	ProjectSection(SolutionItems) = preProject
		.gitignore = .gitignore
		.gitleaks.toml = .gitleaks.toml
		CHANGELOG.md = CHANGELOG.md
		dotnet-tools.json = dotnet-tools.json
		GitVersion.yml = GitVersion.yml
		nuget.config = nuget.config
		README.md = README.md
	EndProjectSection
EndProject
Global
	GlobalSection(SolutionConfigurationPlatforms) = preSolution
		Debug|Any CPU = Debug|Any CPU
		Release|Any CPU = Release|Any CPU
	EndGlobalSection
	GlobalSection(ProjectConfigurationPlatforms) = postSolution
		{58C12C89-DCC0-4EC8-9143-36E8E22EC880}.Debug|Any CPU.ActiveCfg = Debug|Any CPU
		{58C12C89-DCC0-4EC8-9143-36E8E22EC880}.Release|Any CPU.ActiveCfg = Release|Any CPU
		{3E653E83-C793-4812-823A-AD44BD75A96C}.Debug|Any CPU.ActiveCfg = Debug|Any CPU
		{3E653E83-C793-4812-823A-AD44BD75A96C}.Debug|Any CPU.Build.0 = Debug|Any CPU
		{3E653E83-C793-4812-823A-AD44BD75A96C}.Release|Any CPU.ActiveCfg = Release|Any CPU
		{3E653E83-C793-4812-823A-AD44BD75A96C}.Release|Any CPU.Build.0 = Release|Any CPU
		{BE4DA38D-FC71-4DD0-BDD2-3D9B7EAEC648}.Debug|Any CPU.ActiveCfg = Debug|Any CPU
		{BE4DA38D-FC71-4DD0-BDD2-3D9B7EAEC648}.Debug|Any CPU.Build.0 = Debug|Any CPU
		{BE4DA38D-FC71-4DD0-BDD2-3D9B7EAEC648}.Release|Any CPU.ActiveCfg = Release|Any CPU
		{BE4DA38D-FC71-4DD0-BDD2-3D9B7EAEC648}.Release|Any CPU.Build.0 = Release|Any CPU
	EndGlobalSection
EndGlobal
